
Microsoft Visual Studio Solution File, Format Version 12.00
# Visual Studio 15
VisualStudioVersion = 15.0.27004.2002
MinimumVisualStudioVersion = 10.0.40219.1
Project("{FAE04EC0-301F-11D3-BF4B-00C04F79EFBC}") = "Notifications", "Notifications.csproj", "{3267564D-1C56-499B-A46D-0D0AEC6D13CE}"
EndProject
Global
	GlobalSection(SolutionConfigurationPlatforms) = preSolution
		Debug|Any CPU = Debug|Any CPU
		Release|Any CPU = Release|Any CPU
	EndGlobalSection
	GlobalSection(ProjectConfigurationPlatforms) = postSolution
		{3267564D-1C56-499B-A46D-0D0AEC6D13CE}.Debug|Any CPU.ActiveCfg = Debug|Any CPU
		{3267564D-1C56-499B-A46D-0D0AEC6D13CE}.Debug|Any CPU.Build.0 = Debug|Any CPU
		{3267564D-1C56-499B-A46D-0D0AEC6D13CE}.Release|Any CPU.ActiveCfg = Release|Any CPU
		{3267564D-1C56-499B-A46D-0D0AEC6D13CE}.Release|Any CPU.Build.0 = Release|Any CPU
	EndGlobalSection
	GlobalSection(SolutionProperties) = preSolution
		HideSolutionNode = FALSE
	EndGlobalSection
	GlobalSection(ExtensibilityGlobals) = postSolution
		SolutionGuid = {FE478C33-D407-4D11-87CA-498274F6AE2C}
	EndGlobalSection
EndGlobal
