
Microsoft Visual Studio Solution File, Format Version 12.00
# Visual Studio 15
VisualStudioVersion = 15.0.27004.2002
MinimumVisualStudioVersion = 10.0.40219.1
Project("{FAE04EC0-301F-11D3-BF4B-00C04F79EFBC}") = "LearnDepency.Android", "LearnDepency\LearnDepency.Android\LearnDepency.Android.csproj", "{93A43BBD-2885-4675-B481-FDE3EA84320C}"
EndProject
Project("{FAE04EC0-301F-11D3-BF4B-00C04F79EFBC}") = "LearnDepency", "LearnDepency\LearnDepency\LearnDepency.csproj", "{C693B361-FA07-47EA-8062-DA95BAF40F08}"
EndProject
Project("{FAE04EC0-301F-11D3-BF4B-00C04F79EFBC}") = "LearnDepency.iOS", "LearnDepency\LearnDepency.iOS\LearnDepency.iOS.csproj", "{FA95050D-642A-4FA7-8B1D-B72C3B9DACD3}"
EndProject
Global
	GlobalSection(SolutionConfigurationPlatforms) = preSolution
		Ad-Hoc|Any CPU = Ad-Hoc|Any CPU
		Ad-Hoc|iPhone = Ad-Hoc|iPhone
		Ad-Hoc|iPhoneSimulator = Ad-Hoc|iPhoneSimulator
		AppStore|Any CPU = AppStore|Any CPU
		AppStore|iPhone = AppStore|iPhone
		AppStore|iPhoneSimulator = AppStore|iPhoneSimulator
		Debug|Any CPU = Debug|Any CPU
		Debug|iPhone = Debug|iPhone
		Debug|iPhoneSimulator = Debug|iPhoneSimulator
		Release|Any CPU = Release|Any CPU
		Release|iPhone = Release|iPhone
		Release|iPhoneSimulator = Release|iPhoneSimulator
	EndGlobalSection
	GlobalSection(ProjectConfigurationPlatforms) = postSolution
		{93A43BBD-2885-4675-B481-FDE3EA84320C}.Ad-Hoc|Any CPU.ActiveCfg = Release|Any CPU
		{93A43BBD-2885-4675-B481-FDE3EA84320C}.Ad-Hoc|Any CPU.Build.0 = Release|Any CPU
		{93A43BBD-2885-4675-B481-FDE3EA84320C}.Ad-Hoc|Any CPU.Deploy.0 = Release|Any CPU
		{93A43BBD-2885-4675-B481-FDE3EA84320C}.Ad-Hoc|iPhone.ActiveCfg = Release|Any CPU
		{93A43BBD-2885-4675-B481-FDE3EA84320C}.Ad-Hoc|iPhone.Build.0 = Release|Any CPU
		{93A43BBD-2885-4675-B481-FDE3EA84320C}.Ad-Hoc|iPhone.Deploy.0 = Release|Any CPU
		{93A43BBD-2885-4675-B481-FDE3EA84320C}.Ad-Hoc|iPhoneSimulator.ActiveCfg = Release|Any CPU
		{93A43BBD-2885-4675-B481-FDE3EA84320C}.Ad-Hoc|iPhoneSimulator.Build.0 = Release|Any CPU
		{93A43BBD-2885-4675-B481-FDE3EA84320C}.Ad-Hoc|iPhoneSimulator.Deploy.0 = Release|Any CPU
		{93A43BBD-2885-4675-B481-FDE3EA84320C}.AppStore|Any CPU.ActiveCfg = Release|Any CPU
		{93A43BBD-2885-4675-B481-FDE3EA84320C}.AppStore|Any CPU.Build.0 = Release|Any CPU
		{93A43BBD-2885-4675-B481-FDE3EA84320C}.AppStore|Any CPU.Deploy.0 = Release|Any CPU
		{93A43BBD-2885-4675-B481-FDE3EA84320C}.AppStore|iPhone.ActiveCfg = Release|Any CPU
		{93A43BBD-2885-4675-B481-FDE3EA84320C}.AppStore|iPhone.Build.0 = Release|Any CPU
		{93A43BBD-2885-4675-B481-FDE3EA84320C}.AppStore|iPhone.Deploy.0 = Release|Any CPU
		{93A43BBD-2885-4675-B481-FDE3EA84320C}.AppStore|iPhoneSimulator.ActiveCfg = Release|Any CPU
		{93A43BBD-2885-4675-B481-FDE3EA84320C}.AppStore|iPhoneSimulator.Build.0 = Release|Any CPU
		{93A43BBD-2885-4675-B481-FDE3EA84320C}.AppStore|iPhoneSimulator.Deploy.0 = Release|Any CPU
		{93A43BBD-2885-4675-B481-FDE3EA84320C}.Debug|Any CPU.ActiveCfg = Debug|Any CPU
		{93A43BBD-2885-4675-B481-FDE3EA84320C}.Debug|Any CPU.Build.0 = Debug|Any CPU
		{93A43BBD-2885-4675-B481-FDE3EA84320C}.Debug|Any CPU.Deploy.0 = Debug|Any CPU
		{93A43BBD-2885-4675-B481-FDE3EA84320C}.Debug|iPhone.ActiveCfg = Debug|Any CPU
		{93A43BBD-2885-4675-B481-FDE3EA84320C}.Debug|iPhone.Build.0 = Debug|Any CPU
		{93A43BBD-2885-4675-B481-FDE3EA84320C}.Debug|iPhone.Deploy.0 = Debug|Any CPU
		{93A43BBD-2885-4675-B481-FDE3EA84320C}.Debug|iPhoneSimulator.ActiveCfg = Debug|Any CPU
		{93A43BBD-2885-4675-B481-FDE3EA84320C}.Debug|iPhoneSimulator.Build.0 = Debug|Any CPU
		{93A43BBD-2885-4675-B481-FDE3EA84320C}.Debug|iPhoneSimulator.Deploy.0 = Debug|Any CPU
		{93A43BBD-2885-4675-B481-FDE3EA84320C}.Release|Any CPU.ActiveCfg = Release|Any CPU
		{93A43BBD-2885-4675-B481-FDE3EA84320C}.Release|Any CPU.Build.0 = Release|Any CPU
		{93A43BBD-2885-4675-B481-FDE3EA84320C}.Release|Any CPU.Deploy.0 = Release|Any CPU
		{93A43BBD-2885-4675-B481-FDE3EA84320C}.Release|iPhone.ActiveCfg = Release|Any CPU
		{93A43BBD-2885-4675-B481-FDE3EA84320C}.Release|iPhone.Build.0 = Release|Any CPU
		{93A43BBD-2885-4675-B481-FDE3EA84320C}.Release|iPhone.Deploy.0 = Release|Any CPU
		{93A43BBD-2885-4675-B481-FDE3EA84320C}.Release|iPhoneSimulator.ActiveCfg = Release|Any CPU
		{93A43BBD-2885-4675-B481-FDE3EA84320C}.Release|iPhoneSimulator.Build.0 = Release|Any CPU
		{93A43BBD-2885-4675-B481-FDE3EA84320C}.Release|iPhoneSimulator.Deploy.0 = Release|Any CPU
		{C693B361-FA07-47EA-8062-DA95BAF40F08}.Ad-Hoc|Any CPU.ActiveCfg = Release|Any CPU
		{C693B361-FA07-47EA-8062-DA95BAF40F08}.Ad-Hoc|Any CPU.Build.0 = Release|Any CPU
		{C693B361-FA07-47EA-8062-DA95BAF40F08}.Ad-Hoc|iPhone.ActiveCfg = Release|Any CPU
		{C693B361-FA07-47EA-8062-DA95BAF40F08}.Ad-Hoc|iPhone.Build.0 = Release|Any CPU
		{C693B361-FA07-47EA-8062-DA95BAF40F08}.Ad-Hoc|iPhoneSimulator.ActiveCfg = Release|Any CPU
		{C693B361-FA07-47EA-8062-DA95BAF40F08}.Ad-Hoc|iPhoneSimulator.Build.0 = Release|Any CPU
		{C693B361-FA07-47EA-8062-DA95BAF40F08}.AppStore|Any CPU.ActiveCfg = Release|Any CPU
		{C693B361-FA07-47EA-8062-DA95BAF40F08}.AppStore|Any CPU.Build.0 = Release|Any CPU
		{C693B361-FA07-47EA-8062-DA95BAF40F08}.AppStore|iPhone.ActiveCfg = Release|Any CPU
		{C693B361-FA07-47EA-8062-DA95BAF40F08}.AppStore|iPhone.Build.0 = Release|Any CPU
		{C693B361-FA07-47EA-8062-DA95BAF40F08}.AppStore|iPhoneSimulator.ActiveCfg = Release|Any CPU
		{C693B361-FA07-47EA-8062-DA95BAF40F08}.AppStore|iPhoneSimulator.Build.0 = Release|Any CPU
		{C693B361-FA07-47EA-8062-DA95BAF40F08}.Debug|Any CPU.ActiveCfg = Debug|Any CPU
		{C693B361-FA07-47EA-8062-DA95BAF40F08}.Debug|Any CPU.Build.0 = Debug|Any CPU
		{C693B361-FA07-47EA-8062-DA95BAF40F08}.Debug|iPhone.ActiveCfg = Debug|Any CPU
		{C693B361-FA07-47EA-8062-DA95BAF40F08}.Debug|iPhone.Build.0 = Debug|Any CPU
		{C693B361-FA07-47EA-8062-DA95BAF40F08}.Debug|iPhoneSimulator.ActiveCfg = Debug|Any CPU
		{C693B361-FA07-47EA-8062-DA95BAF40F08}.Debug|iPhoneSimulator.Build.0 = Debug|Any CPU
		{C693B361-FA07-47EA-8062-DA95BAF40F08}.Release|Any CPU.ActiveCfg = Release|Any CPU
		{C693B361-FA07-47EA-8062-DA95BAF40F08}.Release|Any CPU.Build.0 = Release|Any CPU
		{C693B361-FA07-47EA-8062-DA95BAF40F08}.Release|iPhone.ActiveCfg = Release|Any CPU
		{C693B361-FA07-47EA-8062-DA95BAF40F08}.Release|iPhone.Build.0 = Release|Any CPU
		{C693B361-FA07-47EA-8062-DA95BAF40F08}.Release|iPhoneSimulator.ActiveCfg = Release|Any CPU
		{C693B361-FA07-47EA-8062-DA95BAF40F08}.Release|iPhoneSimulator.Build.0 = Release|Any CPU
		{FA95050D-642A-4FA7-8B1D-B72C3B9DACD3}.Ad-Hoc|Any CPU.ActiveCfg = Ad-Hoc|iPhoneSimulator
		{FA95050D-642A-4FA7-8B1D-B72C3B9DACD3}.Ad-Hoc|iPhone.ActiveCfg = Ad-Hoc|iPhone
		{FA95050D-642A-4FA7-8B1D-B72C3B9DACD3}.Ad-Hoc|iPhone.Build.0 = Ad-Hoc|iPhone
		{FA95050D-642A-4FA7-8B1D-B72C3B9DACD3}.Ad-Hoc|iPhoneSimulator.ActiveCfg = Ad-Hoc|iPhoneSimulator
		{FA95050D-642A-4FA7-8B1D-B72C3B9DACD3}.Ad-Hoc|iPhoneSimulator.Build.0 = Ad-Hoc|iPhoneSimulator
		{FA95050D-642A-4FA7-8B1D-B72C3B9DACD3}.AppStore|Any CPU.ActiveCfg = AppStore|iPhoneSimulator
		{FA95050D-642A-4FA7-8B1D-B72C3B9DACD3}.AppStore|iPhone.ActiveCfg = AppStore|iPhone
		{FA95050D-642A-4FA7-8B1D-B72C3B9DACD3}.AppStore|iPhone.Build.0 = AppStore|iPhone
		{FA95050D-642A-4FA7-8B1D-B72C3B9DACD3}.AppStore|iPhoneSimulator.ActiveCfg = AppStore|iPhoneSimulator
		{FA95050D-642A-4FA7-8B1D-B72C3B9DACD3}.AppStore|iPhoneSimulator.Build.0 = AppStore|iPhoneSimulator
		{FA95050D-642A-4FA7-8B1D-B72C3B9DACD3}.Debug|Any CPU.ActiveCfg = Debug|iPhoneSimulator
		{FA95050D-642A-4FA7-8B1D-B72C3B9DACD3}.Debug|iPhone.ActiveCfg = Debug|iPhone
		{FA95050D-642A-4FA7-8B1D-B72C3B9DACD3}.Debug|iPhone.Build.0 = Debug|iPhone
		{FA95050D-642A-4FA7-8B1D-B72C3B9DACD3}.Debug|iPhoneSimulator.ActiveCfg = Debug|iPhoneSimulator
		{FA95050D-642A-4FA7-8B1D-B72C3B9DACD3}.Debug|iPhoneSimulator.Build.0 = Debug|iPhoneSimulator
		{FA95050D-642A-4FA7-8B1D-B72C3B9DACD3}.Release|Any CPU.ActiveCfg = Release|iPhoneSimulator
		{FA95050D-642A-4FA7-8B1D-B72C3B9DACD3}.Release|iPhone.ActiveCfg = Release|iPhone
		{FA95050D-642A-4FA7-8B1D-B72C3B9DACD3}.Release|iPhone.Build.0 = Release|iPhone
		{FA95050D-642A-4FA7-8B1D-B72C3B9DACD3}.Release|iPhoneSimulator.ActiveCfg = Release|iPhoneSimulator
		{FA95050D-642A-4FA7-8B1D-B72C3B9DACD3}.Release|iPhoneSimulator.Build.0 = Release|iPhoneSimulator
	EndGlobalSection
	GlobalSection(SolutionProperties) = preSolution
		HideSolutionNode = FALSE
	EndGlobalSection
	GlobalSection(ExtensibilityGlobals) = postSolution
		SolutionGuid = {4FA261C3-1EDE-4D08-A265-54A14739FF24}
	EndGlobalSection
EndGlobal
